
Microsoft Visual Studio Solution File, Format Version 12.00
# Visual Studio Version 17
VisualStudioVersion = 17.5.33627.172
MinimumVisualStudioVersion = 10.0.40219.1
Project("{9A19103F-16F7-4668-BE54-9A1E7A4F7556}") = "ObjectListView", "ObjectListView\ObjectListView.csproj", "{8EF5122B-64C9-4427-A300-AB33F3F60359}"
EndProject
Project("{2150E333-8FDC-42A3-9474-1A3956D46DE8}") = ".nuget", ".nuget", "{043CD6FF-3F24-46A3-92D5-AB77710C7842}"
	ProjectSection(SolutionItems) = preProject
		.nuget\NuGet.Config = .nuget\NuGet.Config
		.nuget\NuGet.targets = .nuget\NuGet.targets
	EndProjectSection
EndProject
Project("{2150E333-8FDC-42A3-9474-1A3956D46DE8}") = "GitHub Actions", "GitHub Actions", "{4598403B-3699-4E2A-B213-3B31F77EB471}"
	ProjectSection(SolutionItems) = preProject
		.github\workflows\release.yml = .github\workflows\release.yml
		ObjectListView.nuspec = ObjectListView.nuspec
	EndProjectSection
EndProject
Project("{2150E333-8FDC-42A3-9474-1A3956D46DE8}") = "Solution Items", "Solution Items", "{61F71D9E-FA41-4F5B-91EA-D184276D3EA2}"
	ProjectSection(SolutionItems) = preProject
		.editorconfig = .editorconfig
		Directory.Build.props = Directory.Build.props
		Directory.Build.targets = Directory.Build.targets
		Directory.Packages.props = Directory.Packages.props
		README.md = README.md
	EndProjectSection
EndProject
Project("{FAE04EC0-301F-11D3-BF4B-00C04F79EFBC}") = "ObjectListViewDemo", "Demo\ObjectListViewDemo.csproj", "{A56B63A9-E24B-C760-D0DE-5DA1690AC723}"
EndProject
Project("{FAE04EC0-301F-11D3-BF4B-00C04F79EFBC}") = "SparkleLibrary", "SparkleLibrary\SparkleLibrary.csproj", "{8B9C544A-3FB7-B724-DDEC-9FBBC1D5B220}"
EndProject
Project("{FAE04EC0-301F-11D3-BF4B-00C04F79EFBC}") = "ListViewPrinter", "ListViewPrinter\ListViewPrinter.csproj", "{2463129F-ACE0-0295-4DEE-D0A354E3314B}"
EndProject
Project("{FAE04EC0-301F-11D3-BF4B-00C04F79EFBC}") = "ListViewPrinterDemo", "ListViewPrinterDemo\ListViewPrinterDemo.csproj", "{76D34521-3087-B9EA-348D-F7E625D303F6}"
EndProject
Project("{FAE04EC0-301F-11D3-BF4B-00C04F79EFBC}") = "Tests", "Tests\Tests.csproj", "{9CF47860-2CEA-F379-09D8-9AEF27965D12}"
EndProject
Global
	GlobalSection(SolutionConfigurationPlatforms) = preSolution
		Debug|Any CPU = Debug|Any CPU
		Release|Any CPU = Release|Any CPU
	EndGlobalSection
	GlobalSection(ProjectConfigurationPlatforms) = postSolution
		{8EF5122B-64C9-4427-A300-AB33F3F60359}.Debug|Any CPU.ActiveCfg = Debug|Any CPU
		{8EF5122B-64C9-4427-A300-AB33F3F60359}.Debug|Any CPU.Build.0 = Debug|Any CPU
		{8EF5122B-64C9-4427-A300-AB33F3F60359}.Release|Any CPU.ActiveCfg = Release|Any CPU
		{8EF5122B-64C9-4427-A300-AB33F3F60359}.Release|Any CPU.Build.0 = Release|Any CPU
		{A56B63A9-E24B-C760-D0DE-5DA1690AC723}.Debug|Any CPU.ActiveCfg = Debug|Any CPU
		{A56B63A9-E24B-C760-D0DE-5DA1690AC723}.Debug|Any CPU.Build.0 = Debug|Any CPU
		{A56B63A9-E24B-C760-D0DE-5DA1690AC723}.Release|Any CPU.ActiveCfg = Release|Any CPU
		{A56B63A9-E24B-C760-D0DE-5DA1690AC723}.Release|Any CPU.Build.0 = Release|Any CPU
		{8B9C544A-3FB7-B724-DDEC-9FBBC1D5B220}.Debug|Any CPU.ActiveCfg = Debug|Any CPU
		{8B9C544A-3FB7-B724-DDEC-9FBBC1D5B220}.Debug|Any CPU.Build.0 = Debug|Any CPU
		{8B9C544A-3FB7-B724-DDEC-9FBBC1D5B220}.Release|Any CPU.ActiveCfg = Release|Any CPU
		{8B9C544A-3FB7-B724-DDEC-9FBBC1D5B220}.Release|Any CPU.Build.0 = Release|Any CPU
		{2463129F-ACE0-0295-4DEE-D0A354E3314B}.Debug|Any CPU.ActiveCfg = Debug|Any CPU
		{2463129F-ACE0-0295-4DEE-D0A354E3314B}.Debug|Any CPU.Build.0 = Debug|Any CPU
		{2463129F-ACE0-0295-4DEE-D0A354E3314B}.Release|Any CPU.ActiveCfg = Release|Any CPU
		{2463129F-ACE0-0295-4DEE-D0A354E3314B}.Release|Any CPU.Build.0 = Release|Any CPU
		{76D34521-3087-B9EA-348D-F7E625D303F6}.Debug|Any CPU.ActiveCfg = Debug|Any CPU
		{76D34521-3087-B9EA-348D-F7E625D303F6}.Debug|Any CPU.Build.0 = Debug|Any CPU
		{76D34521-3087-B9EA-348D-F7E625D303F6}.Release|Any CPU.ActiveCfg = Release|Any CPU
		{76D34521-3087-B9EA-348D-F7E625D303F6}.Release|Any CPU.Build.0 = Release|Any CPU
		{9CF47860-2CEA-F379-09D8-9AEF27965D12}.Debug|Any CPU.ActiveCfg = Debug|Any CPU
		{9CF47860-2CEA-F379-09D8-9AEF27965D12}.Debug|Any CPU.Build.0 = Debug|Any CPU
		{9CF47860-2CEA-F379-09D8-9AEF27965D12}.Release|Any CPU.ActiveCfg = Release|Any CPU
		{9CF47860-2CEA-F379-09D8-9AEF27965D12}.Release|Any CPU.Build.0 = Release|Any CPU
	EndGlobalSection
	GlobalSection(SolutionProperties) = preSolution
		HideSolutionNode = FALSE
	EndGlobalSection
	GlobalSection(ExtensibilityGlobals) = postSolution
		SolutionGuid = {8097E5A1-6E8D-4F0B-A84D-C0D8433BFEDC}
	EndGlobalSection
EndGlobal
